
Microsoft Visual Studio Solution File, Format Version 12.00
# Visual Studio Version 17
VisualStudioVersion = 17.10.35027.167
MinimumVisualStudioVersion = 10.0.40219.1
Project("{FAE04EC0-301F-11D3-BF4B-00C04F79EFBC}") = "WindowsFormsAppII", "WindowsFormsAppII\WindowsFormsAppII.csproj", "{370A5969-548E-400D-9775-BD209F1015F4}"
EndProject
Global
	GlobalSection(SolutionConfigurationPlatforms) = preSolution
		Debug|Any CPU = Debug|Any CPU
		Release|Any CPU = Release|Any CPU
	EndGlobalSection
	GlobalSection(ProjectConfigurationPlatforms) = postSolution
		{370A5969-548E-400D-9775-BD209F1015F4}.Debug|Any CPU.ActiveCfg = Debug|Any CPU
		{370A5969-548E-400D-9775-BD209F1015F4}.Debug|Any CPU.Build.0 = Debug|Any CPU
		{370A5969-548E-400D-9775-BD209F1015F4}.Release|Any CPU.ActiveCfg = Release|Any CPU
		{370A5969-548E-400D-9775-BD209F1015F4}.Release|Any CPU.Build.0 = Release|Any CPU
	EndGlobalSection
	GlobalSection(SolutionProperties) = preSolution
		HideSolutionNode = FALSE
	EndGlobalSection
	GlobalSection(ExtensibilityGlobals) = postSolution
		SolutionGuid = {E05F10D2-9FEA-4701-967D-98B853DB827D}
	EndGlobalSection
EndGlobal
